
Microsoft Visual Studio Solution File, Format Version 12.00
# Visual Studio 15
VisualStudioVersion = 15.0.26228.4
MinimumVisualStudioVersion = 10.0.40219.1
Project("{FAE04EC0-301F-11D3-BF4B-00C04F79EFBC}") = "prmToolkit.Test", "prmToolkit.Test\prmToolkit.Test.csproj", "{7FDCC469-39AD-45C3-A6C1-F8630F11F95C}"
EndProject
Project("{FAE04EC0-301F-11D3-BF4B-00C04F79EFBC}") = "prmToolkit.Validation", "prmToolkit.Validation\prmToolkit.Validation.csproj", "{9FD0BBE8-D644-4D55-9F02-5533BDED461D}"
EndProject
Project("{FAE04EC0-301F-11D3-BF4B-00C04F79EFBC}") = "prmToolkit.Encryption", "prmToolkit.Encryption\prmToolkit.Encryption.csproj", "{A60CCFF2-7B31-49DD-BE2F-A4017F91C011}"
EndProject
Project("{FAE04EC0-301F-11D3-BF4B-00C04F79EFBC}") = "prmToolkit.Notification", "prmToolkit.Notification\prmToolkit.Notification.csproj", "{E93EEC02-5023-40F4-9516-7EBB630846AB}"
EndProject
Project("{FAE04EC0-301F-11D3-BF4B-00C04F79EFBC}") = "prmToolkit.DateTimeExtension", "prmToolkit.DateTimeExtension\prmToolkit.DateTimeExtension.csproj", "{CEB305D6-67C8-4326-9AD2-8747EADBDBBE}"
EndProject
Project("{FAE04EC0-301F-11D3-BF4B-00C04F79EFBC}") = "prmToolkit.AccessMultipleDatabaseWithAdoNet", "prmToolkit.AccessMultipleDatabaseWithAdoNet\prmToolkit.AccessMultipleDatabaseWithAdoNet.csproj", "{D64FAE36-BBE2-45A6-9247-AF5FA878A5E5}"
EndProject
Project("{FAE04EC0-301F-11D3-BF4B-00C04F79EFBC}") = "prmToolkit.Log", "prmToolkit.Log\prmToolkit.Log.csproj", "{F62AAA35-8513-43EF-9CE3-14E80509E8DB}"
EndProject
Project("{FAE04EC0-301F-11D3-BF4B-00C04F79EFBC}") = "prmToolkit.EnumExtension", "prmToolkit.EnumExtension\prmToolkit.EnumExtension.csproj", "{E1A187A9-BDF2-4775-AD9B-2FDEC75680EB}"
EndProject
Project("{FAE04EC0-301F-11D3-BF4B-00C04F79EFBC}") = "prmToolkit.Faker", "prmToolkit.Faker\prmToolkit.Faker.csproj", "{90783DBE-09EC-45B7-96A6-CC5EEFF97032}"
EndProject
Project("{2150E333-8FDC-42A3-9474-1A3956D46DE8}") = "Pacotes Nuget", "Pacotes Nuget", "{FD79DB39-CDF3-4D42-9405-08D56A7D5C36}"
EndProject
Project("{2150E333-8FDC-42A3-9474-1A3956D46DE8}") = "prmToolkit.AccessMultipleDatabaseWithAdoNet", "prmToolkit.AccessMultipleDatabaseWithAdoNet", "{CD69423A-F00D-4011-9573-E729F93B274C}"
EndProject
Project("{2150E333-8FDC-42A3-9474-1A3956D46DE8}") = "prmToolkit.DateTimeExtension", "prmToolkit.DateTimeExtension", "{072918C5-B723-48AF-AF2A-B313B2AC2C55}"
EndProject
Project("{2150E333-8FDC-42A3-9474-1A3956D46DE8}") = "prmToolkit.Encryption", "prmToolkit.Encryption", "{D49C4307-B312-4A85-91EC-1E532DF516D5}"
EndProject
Project("{2150E333-8FDC-42A3-9474-1A3956D46DE8}") = "prmToolkit.EnumExtension", "prmToolkit.EnumExtension", "{1D57200C-F0FB-40D3-99C6-5C8635AE1DFF}"
EndProject
Project("{2150E333-8FDC-42A3-9474-1A3956D46DE8}") = "prmToolkit.Faker", "prmToolkit.Faker", "{6317551B-62E5-4C03-8627-34B2DAA21617}"
EndProject
Project("{2150E333-8FDC-42A3-9474-1A3956D46DE8}") = "prmToolkit.Log", "prmToolkit.Log", "{EEF33E4C-4CD9-472D-B6B3-FECD1D924679}"
EndProject
Project("{2150E333-8FDC-42A3-9474-1A3956D46DE8}") = "prmToolkit.Validation", "prmToolkit.Validation", "{E9032FD5-CC75-41B0-8DA7-EB80274F57F6}"
EndProject
Project("{2150E333-8FDC-42A3-9474-1A3956D46DE8}") = "prmToolkit.Notification", "prmToolkit.Notification", "{3F6A9109-ECA8-46D2-83F3-04F3E06E93D0}"
EndProject
Project("{FAE04EC0-301F-11D3-BF4B-00C04F79EFBC}") = "prmToolkit.Log.Api", "prmToolkit.Log.Api\prmToolkit.Log.Api.csproj", "{8565DD41-F5E1-4C3D-B820-14B6F1E91F45}"
EndProject
Project("{FAE04EC0-301F-11D3-BF4B-00C04F79EFBC}") = "prmToolkit.Log.IoC", "prmToolkit.Log.IoC\prmToolkit.Log.IoC.csproj", "{F5B49B95-B89E-4CC1-8D28-147734D30857}"
EndProject
Project("{FAE04EC0-301F-11D3-BF4B-00C04F79EFBC}") = "prmToolkit.Log.Domain", "prmToolkit.Log.Domain\prmToolkit.Log.Domain.csproj", "{CB186C16-72DE-4606-AE5D-C086F6CA29A4}"
EndProject
Project("{FAE04EC0-301F-11D3-BF4B-00C04F79EFBC}") = "prmToolkit.Log.Infra", "prmToolkit.Log.Infra\prmToolkit.Log.Infra.csproj", "{14695707-B3E9-4C06-A42F-62AD78A9B1AB}"
EndProject
Project("{FAE04EC0-301F-11D3-BF4B-00C04F79EFBC}") = "prmToolkit.Log.Application", "prmToolkit.Log.Application\prmToolkit.Log.Application.csproj", "{EF3D9C56-9BD8-4473-82EA-BD8DEC4D2778}"
EndProject
Project("{2150E333-8FDC-42A3-9474-1A3956D46DE8}") = "Api", "Api", "{9EF2AD2E-6A57-4D4E-B8D1-DE03EF81795B}"
EndProject
Project("{FAE04EC0-301F-11D3-BF4B-00C04F79EFBC}") = "prmToolkit.Sample", "prmToolkit.Sample\prmToolkit.Sample.csproj", "{4499EA29-B7DB-45AA-906C-7CE4F70EFE00}"
EndProject
Project("{2150E333-8FDC-42A3-9474-1A3956D46DE8}") = "prmToolkit.NotificationPattern", "prmToolkit.NotificationPattern", "{CFB382A3-ABE5-4354-A8AF-BAE994F7B3DD}"
EndProject
Project("{FAE04EC0-301F-11D3-BF4B-00C04F79EFBC}") = "prmToolkit.NotificationPattern", "prmToolkit.NotificationPattern\prmToolkit.NotificationPattern.csproj", "{CC15A95C-9C56-46AE-AB41-548168D6CDEF}"
EndProject
Project("{FAE04EC0-301F-11D3-BF4B-00C04F79EFBC}") = "prmToolkit.NotificationPattern.Tests", "prmToolkit.NotificationPattern.Tests\prmToolkit.NotificationPattern.Tests.csproj", "{4F4F96E4-402A-4309-985F-A70BE12B0A0E}"
EndProject
Global
	GlobalSection(SolutionConfigurationPlatforms) = preSolution
		Debug|Any CPU = Debug|Any CPU
		Release|Any CPU = Release|Any CPU
	EndGlobalSection
	GlobalSection(ProjectConfigurationPlatforms) = postSolution
		{7FDCC469-39AD-45C3-A6C1-F8630F11F95C}.Debug|Any CPU.ActiveCfg = Debug|Any CPU
		{7FDCC469-39AD-45C3-A6C1-F8630F11F95C}.Debug|Any CPU.Build.0 = Debug|Any CPU
		{7FDCC469-39AD-45C3-A6C1-F8630F11F95C}.Release|Any CPU.ActiveCfg = Release|Any CPU
		{7FDCC469-39AD-45C3-A6C1-F8630F11F95C}.Release|Any CPU.Build.0 = Release|Any CPU
		{9FD0BBE8-D644-4D55-9F02-5533BDED461D}.Debug|Any CPU.ActiveCfg = Debug|Any CPU
		{9FD0BBE8-D644-4D55-9F02-5533BDED461D}.Debug|Any CPU.Build.0 = Debug|Any CPU
		{9FD0BBE8-D644-4D55-9F02-5533BDED461D}.Release|Any CPU.ActiveCfg = Release|Any CPU
		{9FD0BBE8-D644-4D55-9F02-5533BDED461D}.Release|Any CPU.Build.0 = Release|Any CPU
		{A60CCFF2-7B31-49DD-BE2F-A4017F91C011}.Debug|Any CPU.ActiveCfg = Debug|Any CPU
		{A60CCFF2-7B31-49DD-BE2F-A4017F91C011}.Debug|Any CPU.Build.0 = Debug|Any CPU
		{A60CCFF2-7B31-49DD-BE2F-A4017F91C011}.Release|Any CPU.ActiveCfg = Release|Any CPU
		{A60CCFF2-7B31-49DD-BE2F-A4017F91C011}.Release|Any CPU.Build.0 = Release|Any CPU
		{E93EEC02-5023-40F4-9516-7EBB630846AB}.Debug|Any CPU.ActiveCfg = Debug|Any CPU
		{E93EEC02-5023-40F4-9516-7EBB630846AB}.Debug|Any CPU.Build.0 = Debug|Any CPU
		{E93EEC02-5023-40F4-9516-7EBB630846AB}.Release|Any CPU.ActiveCfg = Release|Any CPU
		{E93EEC02-5023-40F4-9516-7EBB630846AB}.Release|Any CPU.Build.0 = Release|Any CPU
		{CEB305D6-67C8-4326-9AD2-8747EADBDBBE}.Debug|Any CPU.ActiveCfg = Debug|Any CPU
		{CEB305D6-67C8-4326-9AD2-8747EADBDBBE}.Debug|Any CPU.Build.0 = Debug|Any CPU
		{CEB305D6-67C8-4326-9AD2-8747EADBDBBE}.Release|Any CPU.ActiveCfg = Release|Any CPU
		{CEB305D6-67C8-4326-9AD2-8747EADBDBBE}.Release|Any CPU.Build.0 = Release|Any CPU
		{D64FAE36-BBE2-45A6-9247-AF5FA878A5E5}.Debug|Any CPU.ActiveCfg = Debug|Any CPU
		{D64FAE36-BBE2-45A6-9247-AF5FA878A5E5}.Debug|Any CPU.Build.0 = Debug|Any CPU
		{D64FAE36-BBE2-45A6-9247-AF5FA878A5E5}.Release|Any CPU.ActiveCfg = Release|Any CPU
		{D64FAE36-BBE2-45A6-9247-AF5FA878A5E5}.Release|Any CPU.Build.0 = Release|Any CPU
		{F62AAA35-8513-43EF-9CE3-14E80509E8DB}.Debug|Any CPU.ActiveCfg = Debug|Any CPU
		{F62AAA35-8513-43EF-9CE3-14E80509E8DB}.Debug|Any CPU.Build.0 = Debug|Any CPU
		{F62AAA35-8513-43EF-9CE3-14E80509E8DB}.Release|Any CPU.ActiveCfg = Release|Any CPU
		{F62AAA35-8513-43EF-9CE3-14E80509E8DB}.Release|Any CPU.Build.0 = Release|Any CPU
		{E1A187A9-BDF2-4775-AD9B-2FDEC75680EB}.Debug|Any CPU.ActiveCfg = Debug|Any CPU
		{E1A187A9-BDF2-4775-AD9B-2FDEC75680EB}.Debug|Any CPU.Build.0 = Debug|Any CPU
		{E1A187A9-BDF2-4775-AD9B-2FDEC75680EB}.Release|Any CPU.ActiveCfg = Release|Any CPU
		{E1A187A9-BDF2-4775-AD9B-2FDEC75680EB}.Release|Any CPU.Build.0 = Release|Any CPU
		{90783DBE-09EC-45B7-96A6-CC5EEFF97032}.Debug|Any CPU.ActiveCfg = Debug|Any CPU
		{90783DBE-09EC-45B7-96A6-CC5EEFF97032}.Debug|Any CPU.Build.0 = Debug|Any CPU
		{90783DBE-09EC-45B7-96A6-CC5EEFF97032}.Release|Any CPU.ActiveCfg = Release|Any CPU
		{90783DBE-09EC-45B7-96A6-CC5EEFF97032}.Release|Any CPU.Build.0 = Release|Any CPU
		{8565DD41-F5E1-4C3D-B820-14B6F1E91F45}.Debug|Any CPU.ActiveCfg = Debug|Any CPU
		{8565DD41-F5E1-4C3D-B820-14B6F1E91F45}.Debug|Any CPU.Build.0 = Debug|Any CPU
		{8565DD41-F5E1-4C3D-B820-14B6F1E91F45}.Release|Any CPU.ActiveCfg = Release|Any CPU
		{8565DD41-F5E1-4C3D-B820-14B6F1E91F45}.Release|Any CPU.Build.0 = Release|Any CPU
		{F5B49B95-B89E-4CC1-8D28-147734D30857}.Debug|Any CPU.ActiveCfg = Debug|Any CPU
		{F5B49B95-B89E-4CC1-8D28-147734D30857}.Debug|Any CPU.Build.0 = Debug|Any CPU
		{F5B49B95-B89E-4CC1-8D28-147734D30857}.Release|Any CPU.ActiveCfg = Release|Any CPU
		{F5B49B95-B89E-4CC1-8D28-147734D30857}.Release|Any CPU.Build.0 = Release|Any CPU
		{CB186C16-72DE-4606-AE5D-C086F6CA29A4}.Debug|Any CPU.ActiveCfg = Debug|Any CPU
		{CB186C16-72DE-4606-AE5D-C086F6CA29A4}.Debug|Any CPU.Build.0 = Debug|Any CPU
		{CB186C16-72DE-4606-AE5D-C086F6CA29A4}.Release|Any CPU.ActiveCfg = Release|Any CPU
		{CB186C16-72DE-4606-AE5D-C086F6CA29A4}.Release|Any CPU.Build.0 = Release|Any CPU
		{14695707-B3E9-4C06-A42F-62AD78A9B1AB}.Debug|Any CPU.ActiveCfg = Debug|Any CPU
		{14695707-B3E9-4C06-A42F-62AD78A9B1AB}.Debug|Any CPU.Build.0 = Debug|Any CPU
		{14695707-B3E9-4C06-A42F-62AD78A9B1AB}.Release|Any CPU.ActiveCfg = Release|Any CPU
		{14695707-B3E9-4C06-A42F-62AD78A9B1AB}.Release|Any CPU.Build.0 = Release|Any CPU
		{EF3D9C56-9BD8-4473-82EA-BD8DEC4D2778}.Debug|Any CPU.ActiveCfg = Debug|Any CPU
		{EF3D9C56-9BD8-4473-82EA-BD8DEC4D2778}.Debug|Any CPU.Build.0 = Debug|Any CPU
		{EF3D9C56-9BD8-4473-82EA-BD8DEC4D2778}.Release|Any CPU.ActiveCfg = Release|Any CPU
		{EF3D9C56-9BD8-4473-82EA-BD8DEC4D2778}.Release|Any CPU.Build.0 = Release|Any CPU
		{4499EA29-B7DB-45AA-906C-7CE4F70EFE00}.Debug|Any CPU.ActiveCfg = Debug|Any CPU
		{4499EA29-B7DB-45AA-906C-7CE4F70EFE00}.Debug|Any CPU.Build.0 = Debug|Any CPU
		{4499EA29-B7DB-45AA-906C-7CE4F70EFE00}.Release|Any CPU.ActiveCfg = Release|Any CPU
		{4499EA29-B7DB-45AA-906C-7CE4F70EFE00}.Release|Any CPU.Build.0 = Release|Any CPU
		{CC15A95C-9C56-46AE-AB41-548168D6CDEF}.Debug|Any CPU.ActiveCfg = Debug|Any CPU
		{CC15A95C-9C56-46AE-AB41-548168D6CDEF}.Debug|Any CPU.Build.0 = Debug|Any CPU
		{CC15A95C-9C56-46AE-AB41-548168D6CDEF}.Release|Any CPU.ActiveCfg = Release|Any CPU
		{CC15A95C-9C56-46AE-AB41-548168D6CDEF}.Release|Any CPU.Build.0 = Release|Any CPU
		{4F4F96E4-402A-4309-985F-A70BE12B0A0E}.Debug|Any CPU.ActiveCfg = Debug|Any CPU
		{4F4F96E4-402A-4309-985F-A70BE12B0A0E}.Debug|Any CPU.Build.0 = Debug|Any CPU
		{4F4F96E4-402A-4309-985F-A70BE12B0A0E}.Release|Any CPU.ActiveCfg = Release|Any CPU
		{4F4F96E4-402A-4309-985F-A70BE12B0A0E}.Release|Any CPU.Build.0 = Release|Any CPU
	EndGlobalSection
	GlobalSection(SolutionProperties) = preSolution
		HideSolutionNode = FALSE
	EndGlobalSection
	GlobalSection(NestedProjects) = preSolution
		{9FD0BBE8-D644-4D55-9F02-5533BDED461D} = {E9032FD5-CC75-41B0-8DA7-EB80274F57F6}
		{A60CCFF2-7B31-49DD-BE2F-A4017F91C011} = {D49C4307-B312-4A85-91EC-1E532DF516D5}
		{E93EEC02-5023-40F4-9516-7EBB630846AB} = {3F6A9109-ECA8-46D2-83F3-04F3E06E93D0}
		{CEB305D6-67C8-4326-9AD2-8747EADBDBBE} = {072918C5-B723-48AF-AF2A-B313B2AC2C55}
		{D64FAE36-BBE2-45A6-9247-AF5FA878A5E5} = {CD69423A-F00D-4011-9573-E729F93B274C}
		{F62AAA35-8513-43EF-9CE3-14E80509E8DB} = {EEF33E4C-4CD9-472D-B6B3-FECD1D924679}
		{E1A187A9-BDF2-4775-AD9B-2FDEC75680EB} = {1D57200C-F0FB-40D3-99C6-5C8635AE1DFF}
		{90783DBE-09EC-45B7-96A6-CC5EEFF97032} = {6317551B-62E5-4C03-8627-34B2DAA21617}
		{CD69423A-F00D-4011-9573-E729F93B274C} = {FD79DB39-CDF3-4D42-9405-08D56A7D5C36}
		{072918C5-B723-48AF-AF2A-B313B2AC2C55} = {FD79DB39-CDF3-4D42-9405-08D56A7D5C36}
		{D49C4307-B312-4A85-91EC-1E532DF516D5} = {FD79DB39-CDF3-4D42-9405-08D56A7D5C36}
		{1D57200C-F0FB-40D3-99C6-5C8635AE1DFF} = {FD79DB39-CDF3-4D42-9405-08D56A7D5C36}
		{6317551B-62E5-4C03-8627-34B2DAA21617} = {FD79DB39-CDF3-4D42-9405-08D56A7D5C36}
		{EEF33E4C-4CD9-472D-B6B3-FECD1D924679} = {FD79DB39-CDF3-4D42-9405-08D56A7D5C36}
		{E9032FD5-CC75-41B0-8DA7-EB80274F57F6} = {FD79DB39-CDF3-4D42-9405-08D56A7D5C36}
		{3F6A9109-ECA8-46D2-83F3-04F3E06E93D0} = {FD79DB39-CDF3-4D42-9405-08D56A7D5C36}
		{8565DD41-F5E1-4C3D-B820-14B6F1E91F45} = {9EF2AD2E-6A57-4D4E-B8D1-DE03EF81795B}
		{F5B49B95-B89E-4CC1-8D28-147734D30857} = {9EF2AD2E-6A57-4D4E-B8D1-DE03EF81795B}
		{CB186C16-72DE-4606-AE5D-C086F6CA29A4} = {9EF2AD2E-6A57-4D4E-B8D1-DE03EF81795B}
		{14695707-B3E9-4C06-A42F-62AD78A9B1AB} = {9EF2AD2E-6A57-4D4E-B8D1-DE03EF81795B}
		{EF3D9C56-9BD8-4473-82EA-BD8DEC4D2778} = {9EF2AD2E-6A57-4D4E-B8D1-DE03EF81795B}
		{9EF2AD2E-6A57-4D4E-B8D1-DE03EF81795B} = {EEF33E4C-4CD9-472D-B6B3-FECD1D924679}
		{4499EA29-B7DB-45AA-906C-7CE4F70EFE00} = {EEF33E4C-4CD9-472D-B6B3-FECD1D924679}
		{CFB382A3-ABE5-4354-A8AF-BAE994F7B3DD} = {FD79DB39-CDF3-4D42-9405-08D56A7D5C36}
		{CC15A95C-9C56-46AE-AB41-548168D6CDEF} = {CFB382A3-ABE5-4354-A8AF-BAE994F7B3DD}
		{4F4F96E4-402A-4309-985F-A70BE12B0A0E} = {CFB382A3-ABE5-4354-A8AF-BAE994F7B3DD}
	EndGlobalSection
EndGlobal
